// !$*UTF8*$!
{
	archiveVersion = 1;
	classes = {
	};
	objectVersion = 56;
	objects = {

/* Begin PBXBuildFile section */
		113D02772ACF2EEA003436B2 /* HapticManager.swift in Sources */ = {isa = PBXBuildFile; fileRef = 113D02762ACF2EEA003436B2 /* HapticManager.swift */; };
		114DE2CD2ACB85C100286CB8 /* PortifolioView.swift in Sources */ = {isa = PBXBuildFile; fileRef = 114DE2CC2ACB85C100286CB8 /* PortifolioView.swift */; };
		114DE2CF2ACB898000286CB8 /* XMarkButton.swift in Sources */ = {isa = PBXBuildFile; fileRef = 114DE2CE2ACB898000286CB8 /* XMarkButton.swift */; };
		11699EDC2AD31D9C00DBD942 /* DetailViewModel.swift in Sources */ = {isa = PBXBuildFile; fileRef = 11699EDB2AD31D9C00DBD942 /* DetailViewModel.swift */; };
		11699EDE2AD31DE100DBD942 /* CoinDetailDataService.swift in Sources */ = {isa = PBXBuildFile; fileRef = 11699EDD2AD31DE100DBD942 /* CoinDetailDataService.swift */; };
		1194498A2AD2EC9E00BA1B64 /* CoinDetailModel.swift in Sources */ = {isa = PBXBuildFile; fileRef = 119449892AD2EC9E00BA1B64 /* CoinDetailModel.swift */; };
		119F70112ACB8D22008EC671 /* CoinLogoView.swift in Sources */ = {isa = PBXBuildFile; fileRef = 119F70102ACB8D22008EC671 /* CoinLogoView.swift */; };
		11B3A8942AD1EF4600418D0A /* DetailView.swift in Sources */ = {isa = PBXBuildFile; fileRef = 11B3A8932AD1EF4600418D0A /* DetailView.swift */; };
		11C10F242ACC6D9000B151BC /* PortifolioContaineer.xcdatamodeld in Sources */ = {isa = PBXBuildFile; fileRef = 11C10F222ACC6D9000B151BC /* PortifolioContaineer.xcdatamodeld */; };
		11C10F262ACC6FC600B151BC /* PortifolioDataService.swift in Sources */ = {isa = PBXBuildFile; fileRef = 11C10F252ACC6FC600B151BC /* PortifolioDataService.swift */; };
		EB324AFC2AC4E33600902FF6 /* SearchBarView.swift in Sources */ = {isa = PBXBuildFile; fileRef = EB324AFB2AC4E33600902FF6 /* SearchBarView.swift */; };
		EB324AFE2AC4EF9C00902FF6 /* UIApplication.swift in Sources */ = {isa = PBXBuildFile; fileRef = EB324AFD2AC4EF9C00902FF6 /* UIApplication.swift */; };
		EB42E79B2ABF7BC200E7A36D /* Double.swift in Sources */ = {isa = PBXBuildFile; fileRef = EB42E79A2ABF7BC200E7A36D /* Double.swift */; };
		EB7269412ABE00330040CA4C /* CryptoAppApp.swift in Sources */ = {isa = PBXBuildFile; fileRef = EB7269402ABE00330040CA4C /* CryptoAppApp.swift */; };
		EB7269432ABE00330040CA4C /* ContentView.swift in Sources */ = {isa = PBXBuildFile; fileRef = EB7269422ABE00330040CA4C /* ContentView.swift */; };
		EB7269452ABE00340040CA4C /* Assets.xcassets in Resources */ = {isa = PBXBuildFile; fileRef = EB7269442ABE00340040CA4C /* Assets.xcassets */; };
		EB7269482ABE00340040CA4C /* Preview Assets.xcassets in Resources */ = {isa = PBXBuildFile; fileRef = EB7269472ABE00340040CA4C /* Preview Assets.xcassets */; };
		EB7269502ABE024C0040CA4C /* Color.swift in Sources */ = {isa = PBXBuildFile; fileRef = EB72694F2ABE024C0040CA4C /* Color.swift */; };
		EB7269562ABE0B690040CA4C /* HomeView.swift in Sources */ = {isa = PBXBuildFile; fileRef = EB7269552ABE0B690040CA4C /* HomeView.swift */; };
		EB72695A2ABE0D2F0040CA4C /* CircleButtonView.swift in Sources */ = {isa = PBXBuildFile; fileRef = EB7269592ABE0D2F0040CA4C /* CircleButtonView.swift */; };
		EB72695C2ABE11B90040CA4C /* CircleButtonAnimationView.swift in Sources */ = {isa = PBXBuildFile; fileRef = EB72695B2ABE11B90040CA4C /* CircleButtonAnimationView.swift */; };
		EB72695F2ABE15490040CA4C /* CoinModel.swift in Sources */ = {isa = PBXBuildFile; fileRef = EB72695E2ABE15490040CA4C /* CoinModel.swift */; };
		EB7269612ABE3B020040CA4C /* CoinRowView.swift in Sources */ = {isa = PBXBuildFile; fileRef = EB7269602ABE3B020040CA4C /* CoinRowView.swift */; };
		EB7269632ABE3B7E0040CA4C /* PreviewProvider.swift in Sources */ = {isa = PBXBuildFile; fileRef = EB7269622ABE3B7E0040CA4C /* PreviewProvider.swift */; };
		EB9C1DB72AC1E08700AFC1AE /* NetworkingManager.swift in Sources */ = {isa = PBXBuildFile; fileRef = EB9C1DB62AC1E08700AFC1AE /* NetworkingManager.swift */; };
		EBA255382AC100E30037C62A /* HomeViewModel.swift in Sources */ = {isa = PBXBuildFile; fileRef = EBA255372AC100E30037C62A /* HomeViewModel.swift */; };
		EBA2553B2AC10B4D0037C62A /* CoinDataService.swift in Sources */ = {isa = PBXBuildFile; fileRef = EBA2553A2AC10B4D0037C62A /* CoinDataService.swift */; };
		EBA291472AC34ED500ED160C /* CoinImageView.swift in Sources */ = {isa = PBXBuildFile; fileRef = EBA291462AC34ED500ED160C /* CoinImageView.swift */; };
		EBA291492AC3507A00ED160C /* CoinImageService.swift in Sources */ = {isa = PBXBuildFile; fileRef = EBA291482AC3507A00ED160C /* CoinImageService.swift */; };
		EBA2914B2AC3534C00ED160C /* CoinImageViewModel.swift in Sources */ = {isa = PBXBuildFile; fileRef = EBA2914A2AC3534C00ED160C /* CoinImageViewModel.swift */; };
		EBA2914D2AC35BB600ED160C /* LocalFileManager.swift in Sources */ = {isa = PBXBuildFile; fileRef = EBA2914C2AC35BB600ED160C /* LocalFileManager.swift */; };
		EBA73E812AC8DF5D005A253F /* MarketDataModel.swift in Sources */ = {isa = PBXBuildFile; fileRef = EBA73E802AC8DF5D005A253F /* MarketDataModel.swift */; };
		EBA73E832AC8E415005A253F /* marketDataService.swift in Sources */ = {isa = PBXBuildFile; fileRef = EBA73E822AC8E415005A253F /* marketDataService.swift */; };
		EBC3A3802AC78117005CF532 /* StaticModel.swift in Sources */ = {isa = PBXBuildFile; fileRef = EBC3A37F2AC78117005CF532 /* StaticModel.swift */; };
		EBC3A3822AC782A1005CF532 /* StatisticView.swift in Sources */ = {isa = PBXBuildFile; fileRef = EBC3A3812AC782A1005CF532 /* StatisticView.swift */; };
		EBC3A3842AC7878F005CF532 /* HomeStatsView.swift in Sources */ = {isa = PBXBuildFile; fileRef = EBC3A3832AC7878F005CF532 /* HomeStatsView.swift */; };
		FA88402F2AD84EB6003F9933 /* Date.swift in Sources */ = {isa = PBXBuildFile; fileRef = FA88402E2AD84EB6003F9933 /* Date.swift */; };
		FA8840312AD87440003F9933 /* String.swift in Sources */ = {isa = PBXBuildFile; fileRef = FA8840302AD87440003F9933 /* String.swift */; };
		FA8FA3042ADB2E5D00A04653 /* LaunchScreen.storyboard in Resources */ = {isa = PBXBuildFile; fileRef = FA8FA3032ADB2E5D00A04653 /* LaunchScreen.storyboard */; };
		FA920ED32AD9DDA00089DCDF /* SettingsView.swift in Sources */ = {isa = PBXBuildFile; fileRef = FA920ED22AD9DDA00089DCDF /* SettingsView.swift */; };
		FA945D072ADCA0EC00A433F6 /* LaunchView.swift in Sources */ = {isa = PBXBuildFile; fileRef = FA945D062ADCA0EC00A433F6 /* LaunchView.swift */; };
		FAE217F72AD75C8A0050800D /* ChartView.swift in Sources */ = {isa = PBXBuildFile; fileRef = FAE217F62AD75C8A0050800D /* ChartView.swift */; };
/* End PBXBuildFile section */

/* Begin PBXFileReference section */
		113D02762ACF2EEA003436B2 /* HapticManager.swift */ = {isa = PBXFileReference; lastKnownFileType = sourcecode.swift; path = HapticManager.swift; sourceTree = "<group>"; };
		114DE2CC2ACB85C100286CB8 /* PortifolioView.swift */ = {isa = PBXFileReference; lastKnownFileType = sourcecode.swift; path = PortifolioView.swift; sourceTree = "<group>"; };
		114DE2CE2ACB898000286CB8 /* XMarkButton.swift */ = {isa = PBXFileReference; lastKnownFileType = sourcecode.swift; path = XMarkButton.swift; sourceTree = "<group>"; };
		11699EDB2AD31D9C00DBD942 /* DetailViewModel.swift */ = {isa = PBXFileReference; lastKnownFileType = sourcecode.swift; path = DetailViewModel.swift; sourceTree = "<group>"; };
		11699EDD2AD31DE100DBD942 /* CoinDetailDataService.swift */ = {isa = PBXFileReference; lastKnownFileType = sourcecode.swift; path = CoinDetailDataService.swift; sourceTree = "<group>"; };
		119449892AD2EC9E00BA1B64 /* CoinDetailModel.swift */ = {isa = PBXFileReference; lastKnownFileType = sourcecode.swift; path = CoinDetailModel.swift; sourceTree = "<group>"; };
		119F70102ACB8D22008EC671 /* CoinLogoView.swift */ = {isa = PBXFileReference; lastKnownFileType = sourcecode.swift; path = CoinLogoView.swift; sourceTree = "<group>"; };
		11B3A8932AD1EF4600418D0A /* DetailView.swift */ = {isa = PBXFileReference; lastKnownFileType = sourcecode.swift; path = DetailView.swift; sourceTree = "<group>"; };
		11C10F232ACC6D9000B151BC /* PortifolioContaineer.xcdatamodel */ = {isa = PBXFileReference; lastKnownFileType = wrapper.xcdatamodel; path = PortifolioContaineer.xcdatamodel; sourceTree = "<group>"; };
		11C10F252ACC6FC600B151BC /* PortifolioDataService.swift */ = {isa = PBXFileReference; lastKnownFileType = sourcecode.swift; path = PortifolioDataService.swift; sourceTree = "<group>"; };
		EB324AFB2AC4E33600902FF6 /* SearchBarView.swift */ = {isa = PBXFileReference; lastKnownFileType = sourcecode.swift; path = SearchBarView.swift; sourceTree = "<group>"; };
		EB324AFD2AC4EF9C00902FF6 /* UIApplication.swift */ = {isa = PBXFileReference; lastKnownFileType = sourcecode.swift; path = UIApplication.swift; sourceTree = "<group>"; };
		EB42E79A2ABF7BC200E7A36D /* Double.swift */ = {isa = PBXFileReference; lastKnownFileType = sourcecode.swift; path = Double.swift; sourceTree = "<group>"; };
		EB72693D2ABE00330040CA4C /* CryptoApp.app */ = {isa = PBXFileReference; explicitFileType = wrapper.application; includeInIndex = 0; path = CryptoApp.app; sourceTree = BUILT_PRODUCTS_DIR; };
		EB7269402ABE00330040CA4C /* CryptoAppApp.swift */ = {isa = PBXFileReference; lastKnownFileType = sourcecode.swift; path = CryptoAppApp.swift; sourceTree = "<group>"; };
		EB7269422ABE00330040CA4C /* ContentView.swift */ = {isa = PBXFileReference; lastKnownFileType = sourcecode.swift; path = ContentView.swift; sourceTree = "<group>"; };
		EB7269442ABE00340040CA4C /* Assets.xcassets */ = {isa = PBXFileReference; lastKnownFileType = folder.assetcatalog; path = Assets.xcassets; sourceTree = "<group>"; };
		EB7269472ABE00340040CA4C /* Preview Assets.xcassets */ = {isa = PBXFileReference; lastKnownFileType = folder.assetcatalog; path = "Preview Assets.xcassets"; sourceTree = "<group>"; };
		EB72694F2ABE024C0040CA4C /* Color.swift */ = {isa = PBXFileReference; lastKnownFileType = sourcecode.swift; path = Color.swift; sourceTree = "<group>"; };
		EB7269552ABE0B690040CA4C /* HomeView.swift */ = {isa = PBXFileReference; lastKnownFileType = sourcecode.swift; path = HomeView.swift; sourceTree = "<group>"; };
		EB7269592ABE0D2F0040CA4C /* CircleButtonView.swift */ = {isa = PBXFileReference; lastKnownFileType = sourcecode.swift; path = CircleButtonView.swift; sourceTree = "<group>"; };
		EB72695B2ABE11B90040CA4C /* CircleButtonAnimationView.swift */ = {isa = PBXFileReference; lastKnownFileType = sourcecode.swift; path = CircleButtonAnimationView.swift; sourceTree = "<group>"; };
		EB72695E2ABE15490040CA4C /* CoinModel.swift */ = {isa = PBXFileReference; lastKnownFileType = sourcecode.swift; path = CoinModel.swift; sourceTree = "<group>"; };
		EB7269602ABE3B020040CA4C /* CoinRowView.swift */ = {isa = PBXFileReference; lastKnownFileType = sourcecode.swift; path = CoinRowView.swift; sourceTree = "<group>"; };
		EB7269622ABE3B7E0040CA4C /* PreviewProvider.swift */ = {isa = PBXFileReference; lastKnownFileType = sourcecode.swift; path = PreviewProvider.swift; sourceTree = "<group>"; };
		EB9C1DB62AC1E08700AFC1AE /* NetworkingManager.swift */ = {isa = PBXFileReference; lastKnownFileType = sourcecode.swift; path = NetworkingManager.swift; sourceTree = "<group>"; };
		EBA255372AC100E30037C62A /* HomeViewModel.swift */ = {isa = PBXFileReference; lastKnownFileType = sourcecode.swift; path = HomeViewModel.swift; sourceTree = "<group>"; };
		EBA2553A2AC10B4D0037C62A /* CoinDataService.swift */ = {isa = PBXFileReference; lastKnownFileType = sourcecode.swift; path = CoinDataService.swift; sourceTree = "<group>"; };
		EBA291462AC34ED500ED160C /* CoinImageView.swift */ = {isa = PBXFileReference; lastKnownFileType = sourcecode.swift; path = CoinImageView.swift; sourceTree = "<group>"; };
		EBA291482AC3507A00ED160C /* CoinImageService.swift */ = {isa = PBXFileReference; lastKnownFileType = sourcecode.swift; path = CoinImageService.swift; sourceTree = "<group>"; };
		EBA2914A2AC3534C00ED160C /* CoinImageViewModel.swift */ = {isa = PBXFileReference; lastKnownFileType = sourcecode.swift; path = CoinImageViewModel.swift; sourceTree = "<group>"; };
		EBA2914C2AC35BB600ED160C /* LocalFileManager.swift */ = {isa = PBXFileReference; lastKnownFileType = sourcecode.swift; path = LocalFileManager.swift; sourceTree = "<group>"; };
		EBA73E802AC8DF5D005A253F /* MarketDataModel.swift */ = {isa = PBXFileReference; lastKnownFileType = sourcecode.swift; path = MarketDataModel.swift; sourceTree = "<group>"; };
		EBA73E822AC8E415005A253F /* marketDataService.swift */ = {isa = PBXFileReference; lastKnownFileType = sourcecode.swift; path = marketDataService.swift; sourceTree = "<group>"; };
		EBC3A37F2AC78117005CF532 /* StaticModel.swift */ = {isa = PBXFileReference; lastKnownFileType = sourcecode.swift; path = StaticModel.swift; sourceTree = "<group>"; };
		EBC3A3812AC782A1005CF532 /* StatisticView.swift */ = {isa = PBXFileReference; lastKnownFileType = sourcecode.swift; path = StatisticView.swift; sourceTree = "<group>"; };
		EBC3A3832AC7878F005CF532 /* HomeStatsView.swift */ = {isa = PBXFileReference; lastKnownFileType = sourcecode.swift; path = HomeStatsView.swift; sourceTree = "<group>"; };
		FA88402E2AD84EB6003F9933 /* Date.swift */ = {isa = PBXFileReference; lastKnownFileType = sourcecode.swift; path = Date.swift; sourceTree = "<group>"; };
		FA8840302AD87440003F9933 /* String.swift */ = {isa = PBXFileReference; lastKnownFileType = sourcecode.swift; path = String.swift; sourceTree = "<group>"; };
		FA8FA3032ADB2E5D00A04653 /* LaunchScreen.storyboard */ = {isa = PBXFileReference; lastKnownFileType = file.storyboard; path = LaunchScreen.storyboard; sourceTree = "<group>"; };
		FA920ED22AD9DDA00089DCDF /* SettingsView.swift */ = {isa = PBXFileReference; lastKnownFileType = sourcecode.swift; path = SettingsView.swift; sourceTree = "<group>"; };
		FA945D062ADCA0EC00A433F6 /* LaunchView.swift */ = {isa = PBXFileReference; lastKnownFileType = sourcecode.swift; path = LaunchView.swift; sourceTree = "<group>"; };
		FAE217F62AD75C8A0050800D /* ChartView.swift */ = {isa = PBXFileReference; lastKnownFileType = sourcecode.swift; path = ChartView.swift; sourceTree = "<group>"; };
/* End PBXFileReference section */

/* Begin PBXFrameworksBuildPhase section */
		EB72693A2ABE00330040CA4C /* Frameworks */ = {
			isa = PBXFrameworksBuildPhase;
			buildActionMask = 2147483647;
			files = (
			);
			runOnlyForDeploymentPostprocessing = 0;
		};
/* End PBXFrameworksBuildPhase section */

/* Begin PBXGroup section */
		11B3A8902AD1EEFA00418D0A /* Detail */ = {
			isa = PBXGroup;
			children = (
				11B3A8912AD1EF1700418D0A /* ViewModel */,
				11B3A8922AD1EF2600418D0A /* Views */,
			);
			path = Detail;
			sourceTree = "<group>";
		};
		11B3A8912AD1EF1700418D0A /* ViewModel */ = {
			isa = PBXGroup;
			children = (
				11699EDB2AD31D9C00DBD942 /* DetailViewModel.swift */,
			);
			path = ViewModel;
			sourceTree = "<group>";
		};
		11B3A8922AD1EF2600418D0A /* Views */ = {
			isa = PBXGroup;
			children = (
				11B3A8932AD1EF4600418D0A /* DetailView.swift */,
				FAE217F62AD75C8A0050800D /* ChartView.swift */,
			);
			path = Views;
			sourceTree = "<group>";
		};
		EB7269342ABE00330040CA4C = {
			isa = PBXGroup;
			children = (
				EB72693F2ABE00330040CA4C /* CryptoApp */,
				EB72693E2ABE00330040CA4C /* Products */,
			);
			sourceTree = "<group>";
		};
		EB72693E2ABE00330040CA4C /* Products */ = {
			isa = PBXGroup;
			children = (
				EB72693D2ABE00330040CA4C /* CryptoApp.app */,
			);
			name = Products;
			sourceTree = "<group>";
		};
		EB72693F2ABE00330040CA4C /* CryptoApp */ = {
			isa = PBXGroup;
			children = (
				EB7269402ABE00330040CA4C /* CryptoAppApp.swift */,
				EB9C1DB52AC1E05C00AFC1AE /* Ultilities */,
				EBA255392AC10B180037C62A /* Services */,
				EB72694E2ABE023F0040CA4C /* Extensions */,
				EB72695D2ABE15230040CA4C /* Models */,
				EB7269512ABE0AF80040CA4C /* Core */,
				EB7269422ABE00330040CA4C /* ContentView.swift */,
				EB7269442ABE00340040CA4C /* Assets.xcassets */,
				EB7269462ABE00340040CA4C /* Preview Content */,
			);
			path = CryptoApp;
			sourceTree = "<group>";
		};
		EB7269462ABE00340040CA4C /* Preview Content */ = {
			isa = PBXGroup;
			children = (
				EB7269472ABE00340040CA4C /* Preview Assets.xcassets */,
			);
			path = "Preview Content";
			sourceTree = "<group>";
		};
		EB72694E2ABE023F0040CA4C /* Extensions */ = {
			isa = PBXGroup;
			children = (
				EB72694F2ABE024C0040CA4C /* Color.swift */,
				EB7269622ABE3B7E0040CA4C /* PreviewProvider.swift */,
				EB42E79A2ABF7BC200E7A36D /* Double.swift */,
				EB324AFD2AC4EF9C00902FF6 /* UIApplication.swift */,
				FA88402E2AD84EB6003F9933 /* Date.swift */,
				FA8840302AD87440003F9933 /* String.swift */,
			);
			path = Extensions;
			sourceTree = "<group>";
		};
		EB7269512ABE0AF80040CA4C /* Core */ = {
			isa = PBXGroup;
			children = (
				FA8FA3012ADB2E1900A04653 /* Launch */,
				EB7269572ABE0CD80040CA4C /* Components */,
				EB7269522ABE0B050040CA4C /* Home */,
				11B3A8902AD1EEFA00418D0A /* Detail */,
				FA920ED02AD9DD520089DCDF /* Settings */,
			);
			path = Core;
			sourceTree = "<group>";
		};
		EB7269522ABE0B050040CA4C /* Home */ = {
			isa = PBXGroup;
			children = (
				EB7269542ABE0B510040CA4C /* ViewModels */,
				EB7269532ABE0B120040CA4C /* Views */,
			);
			path = Home;
			sourceTree = "<group>";
		};
		EB7269532ABE0B120040CA4C /* Views */ = {
			isa = PBXGroup;
			children = (
				EB7269552ABE0B690040CA4C /* HomeView.swift */,
				EB7269602ABE3B020040CA4C /* CoinRowView.swift */,
				EBC3A3832AC7878F005CF532 /* HomeStatsView.swift */,
				114DE2CC2ACB85C100286CB8 /* PortifolioView.swift */,
			);
			path = Views;
			sourceTree = "<group>";
		};
		EB7269542ABE0B510040CA4C /* ViewModels */ = {
			isa = PBXGroup;
			children = (
				EBA255372AC100E30037C62A /* HomeViewModel.swift */,
			);
			path = ViewModels;
			sourceTree = "<group>";
		};
		EB7269572ABE0CD80040CA4C /* Components */ = {
			isa = PBXGroup;
			children = (
				EBA291452AC34EC400ED160C /* CoinImage */,
				EB7269582ABE0D030040CA4C /* CircleButton */,
				EB324AFB2AC4E33600902FF6 /* SearchBarView.swift */,
				EBC3A3812AC782A1005CF532 /* StatisticView.swift */,
				114DE2CE2ACB898000286CB8 /* XMarkButton.swift */,
			);
			path = Components;
			sourceTree = "<group>";
		};
		EB7269582ABE0D030040CA4C /* CircleButton */ = {
			isa = PBXGroup;
			children = (
				EB7269592ABE0D2F0040CA4C /* CircleButtonView.swift */,
				EB72695B2ABE11B90040CA4C /* CircleButtonAnimationView.swift */,
			);
			path = CircleButton;
			sourceTree = "<group>";
		};
		EB72695D2ABE15230040CA4C /* Models */ = {
			isa = PBXGroup;
			children = (
				EB72695E2ABE15490040CA4C /* CoinModel.swift */,
				EBC3A37F2AC78117005CF532 /* StaticModel.swift */,
				EBA73E802AC8DF5D005A253F /* MarketDataModel.swift */,
				11C10F222ACC6D9000B151BC /* PortifolioContaineer.xcdatamodeld */,
				119449892AD2EC9E00BA1B64 /* CoinDetailModel.swift */,
			);
			path = Models;
			sourceTree = "<group>";
		};
		EB9C1DB52AC1E05C00AFC1AE /* Ultilities */ = {
			isa = PBXGroup;
			children = (
				EB9C1DB62AC1E08700AFC1AE /* NetworkingManager.swift */,
				EBA2914C2AC35BB600ED160C /* LocalFileManager.swift */,
				113D02762ACF2EEA003436B2 /* HapticManager.swift */,
			);
			path = Ultilities;
			sourceTree = "<group>";
		};
		EBA255392AC10B180037C62A /* Services */ = {
			isa = PBXGroup;
			children = (
				EBA2553A2AC10B4D0037C62A /* CoinDataService.swift */,
				11699EDD2AD31DE100DBD942 /* CoinDetailDataService.swift */,
				EBA291482AC3507A00ED160C /* CoinImageService.swift */,
				EBA73E822AC8E415005A253F /* marketDataService.swift */,
				11C10F252ACC6FC600B151BC /* PortifolioDataService.swift */,
			);
			path = Services;
			sourceTree = "<group>";
		};
		EBA291452AC34EC400ED160C /* CoinImage */ = {
			isa = PBXGroup;
			children = (
				EBA291462AC34ED500ED160C /* CoinImageView.swift */,
				EBA2914A2AC3534C00ED160C /* CoinImageViewModel.swift */,
				119F70102ACB8D22008EC671 /* CoinLogoView.swift */,
			);
			path = CoinImage;
			sourceTree = "<group>";
		};
		FA8FA3012ADB2E1900A04653 /* Launch */ = {
			isa = PBXGroup;
			children = (
				FA8FA3022ADB2E4300A04653 /* View */,
			);
			path = Launch;
			sourceTree = "<group>";
		};
		FA8FA3022ADB2E4300A04653 /* View */ = {
			isa = PBXGroup;
			children = (
				FA8FA3032ADB2E5D00A04653 /* LaunchScreen.storyboard */,
				FA945D062ADCA0EC00A433F6 /* LaunchView.swift */,
			);
			path = View;
			sourceTree = "<group>";
		};
		FA920ED02AD9DD520089DCDF /* Settings */ = {
			isa = PBXGroup;
			children = (
				FA920ED12AD9DD840089DCDF /* Views */,
			);
			path = Settings;
			sourceTree = "<group>";
		};
		FA920ED12AD9DD840089DCDF /* Views */ = {
			isa = PBXGroup;
			children = (
				FA920ED22AD9DDA00089DCDF /* SettingsView.swift */,
			);
			name = Views;
			sourceTree = "<group>";
		};
/* End PBXGroup section */

/* Begin PBXNativeTarget section */
		EB72693C2ABE00330040CA4C /* CryptoApp */ = {
			isa = PBXNativeTarget;
			buildConfigurationList = EB72694B2ABE00340040CA4C /* Build configuration list for PBXNativeTarget "CryptoApp" */;
			buildPhases = (
				EB7269392ABE00330040CA4C /* Sources */,
				EB72693A2ABE00330040CA4C /* Frameworks */,
				EB72693B2ABE00330040CA4C /* Resources */,
			);
			buildRules = (
			);
			dependencies = (
			);
			name = CryptoApp;
			productName = CryptoApp;
			productReference = EB72693D2ABE00330040CA4C /* CryptoApp.app */;
			productType = "com.apple.product-type.application";
		};
/* End PBXNativeTarget section */

/* Begin PBXProject section */
		EB7269352ABE00330040CA4C /* Project object */ = {
			isa = PBXProject;
			attributes = {
				BuildIndependentTargetsInParallel = 1;
				LastSwiftUpdateCheck = 1430;
				LastUpgradeCheck = 1430;
				TargetAttributes = {
					EB72693C2ABE00330040CA4C = {
						CreatedOnToolsVersion = 14.3.1;
					};
				};
			};
			buildConfigurationList = EB7269382ABE00330040CA4C /* Build configuration list for PBXProject "CryptoApp" */;
			compatibilityVersion = "Xcode 14.0";
			developmentRegion = en;
			hasScannedForEncodings = 0;
			knownRegions = (
				en,
				Base,
			);
			mainGroup = EB7269342ABE00330040CA4C;
			productRefGroup = EB72693E2ABE00330040CA4C /* Products */;
			projectDirPath = "";
			projectRoot = "";
			targets = (
				EB72693C2ABE00330040CA4C /* CryptoApp */,
			);
		};
/* End PBXProject section */

/* Begin PBXResourcesBuildPhase section */
		EB72693B2ABE00330040CA4C /* Resources */ = {
			isa = PBXResourcesBuildPhase;
			buildActionMask = 2147483647;
			files = (
				FA8FA3042ADB2E5D00A04653 /* LaunchScreen.storyboard in Resources */,
				EB7269482ABE00340040CA4C /* Preview Assets.xcassets in Resources */,
				EB7269452ABE00340040CA4C /* Assets.xcassets in Resources */,
			);
			runOnlyForDeploymentPostprocessing = 0;
		};
/* End PBXResourcesBuildPhase section */

/* Begin PBXSourcesBuildPhase section */
		EB7269392ABE00330040CA4C /* Sources */ = {
			isa = PBXSourcesBuildPhase;
			buildActionMask = 2147483647;
			files = (
				11C10F242ACC6D9000B151BC /* PortifolioContaineer.xcdatamodeld in Sources */,
				EBA2553B2AC10B4D0037C62A /* CoinDataService.swift in Sources */,
				EBA73E832AC8E415005A253F /* marketDataService.swift in Sources */,
				FA88402F2AD84EB6003F9933 /* Date.swift in Sources */,
				FAE217F72AD75C8A0050800D /* ChartView.swift in Sources */,
				EB7269612ABE3B020040CA4C /* CoinRowView.swift in Sources */,
				114DE2CF2ACB898000286CB8 /* XMarkButton.swift in Sources */,
				EBA255382AC100E30037C62A /* HomeViewModel.swift in Sources */,
				EB7269432ABE00330040CA4C /* ContentView.swift in Sources */,
				EBA2914D2AC35BB600ED160C /* LocalFileManager.swift in Sources */,
				11C10F262ACC6FC600B151BC /* PortifolioDataService.swift in Sources */,
				EBC3A3802AC78117005CF532 /* StaticModel.swift in Sources */,
				EBA73E812AC8DF5D005A253F /* MarketDataModel.swift in Sources */,
				EB7269562ABE0B690040CA4C /* HomeView.swift in Sources */,
				EBC3A3822AC782A1005CF532 /* StatisticView.swift in Sources */,
				1194498A2AD2EC9E00BA1B64 /* CoinDetailModel.swift in Sources */,
				FA945D072ADCA0EC00A433F6 /* LaunchView.swift in Sources */,
				EBA291472AC34ED500ED160C /* CoinImageView.swift in Sources */,
				EB7269412ABE00330040CA4C /* CryptoAppApp.swift in Sources */,
				EB324AFE2AC4EF9C00902FF6 /* UIApplication.swift in Sources */,
				11B3A8942AD1EF4600418D0A /* DetailView.swift in Sources */,
				113D02772ACF2EEA003436B2 /* HapticManager.swift in Sources */,
				EB72695A2ABE0D2F0040CA4C /* CircleButtonView.swift in Sources */,
				EB7269502ABE024C0040CA4C /* Color.swift in Sources */,
				EB324AFC2AC4E33600902FF6 /* SearchBarView.swift in Sources */,
				119F70112ACB8D22008EC671 /* CoinLogoView.swift in Sources */,
				EB9C1DB72AC1E08700AFC1AE /* NetworkingManager.swift in Sources */,
				EBC3A3842AC7878F005CF532 /* HomeStatsView.swift in Sources */,
				FA8840312AD87440003F9933 /* String.swift in Sources */,
				EB72695C2ABE11B90040CA4C /* CircleButtonAnimationView.swift in Sources */,
				EBA2914B2AC3534C00ED160C /* CoinImageViewModel.swift in Sources */,
				EB7269632ABE3B7E0040CA4C /* PreviewProvider.swift in Sources */,
				EB42E79B2ABF7BC200E7A36D /* Double.swift in Sources */,
				EBA291492AC3507A00ED160C /* CoinImageService.swift in Sources */,
				EB72695F2ABE15490040CA4C /* CoinModel.swift in Sources */,
				11699EDE2AD31DE100DBD942 /* CoinDetailDataService.swift in Sources */,
				11699EDC2AD31D9C00DBD942 /* DetailViewModel.swift in Sources */,
				114DE2CD2ACB85C100286CB8 /* PortifolioView.swift in Sources */,
				FA920ED32AD9DDA00089DCDF /* SettingsView.swift in Sources */,
			);
			runOnlyForDeploymentPostprocessing = 0;
		};
/* End PBXSourcesBuildPhase section */

/* Begin XCBuildConfiguration section */
		EB7269492ABE00340040CA4C /* Debug */ = {
			isa = XCBuildConfiguration;
			buildSettings = {
				ALWAYS_SEARCH_USER_PATHS = NO;
				CLANG_ANALYZER_NONNULL = YES;
				CLANG_ANALYZER_NUMBER_OBJECT_CONVERSION = YES_AGGRESSIVE;
				CLANG_CXX_LANGUAGE_STANDARD = "gnu++20";
				CLANG_ENABLE_MODULES = YES;
				CLANG_ENABLE_OBJC_ARC = YES;
				CLANG_ENABLE_OBJC_WEAK = YES;
				CLANG_WARN_BLOCK_CAPTURE_AUTORELEASING = YES;
				CLANG_WARN_BOOL_CONVERSION = YES;
				CLANG_WARN_COMMA = YES;
				CLANG_WARN_CONSTANT_CONVERSION = YES;
				CLANG_WARN_DEPRECATED_OBJC_IMPLEMENTATIONS = YES;
				CLANG_WARN_DIRECT_OBJC_ISA_USAGE = YES_ERROR;
				CLANG_WARN_DOCUMENTATION_COMMENTS = YES;
				CLANG_WARN_EMPTY_BODY = YES;
				CLANG_WARN_ENUM_CONVERSION = YES;
				CLANG_WARN_INFINITE_RECURSION = YES;
				CLANG_WARN_INT_CONVERSION = YES;
				CLANG_WARN_NON_LITERAL_NULL_CONVERSION = YES;
				CLANG_WARN_OBJC_IMPLICIT_RETAIN_SELF = YES;
				CLANG_WARN_OBJC_LITERAL_CONVERSION = YES;
				CLANG_WARN_OBJC_ROOT_CLASS = YES_ERROR;
				CLANG_WARN_QUOTED_INCLUDE_IN_FRAMEWORK_HEADER = YES;
				CLANG_WARN_RANGE_LOOP_ANALYSIS = YES;
				CLANG_WARN_STRICT_PROTOTYPES = YES;
				CLANG_WARN_SUSPICIOUS_MOVE = YES;
				CLANG_WARN_UNGUARDED_AVAILABILITY = YES_AGGRESSIVE;
				CLANG_WARN_UNREACHABLE_CODE = YES;
				CLANG_WARN__DUPLICATE_METHOD_MATCH = YES;
				COPY_PHASE_STRIP = NO;
				DEBUG_INFORMATION_FORMAT = dwarf;
				ENABLE_STRICT_OBJC_MSGSEND = YES;
				ENABLE_TESTABILITY = YES;
				GCC_C_LANGUAGE_STANDARD = gnu11;
				GCC_DYNAMIC_NO_PIC = NO;
				GCC_NO_COMMON_BLOCKS = YES;
				GCC_OPTIMIZATION_LEVEL = 0;
				GCC_PREPROCESSOR_DEFINITIONS = (
					"DEBUG=1",
					"$(inherited)",
				);
				GCC_WARN_64_TO_32_BIT_CONVERSION = YES;
				GCC_WARN_ABOUT_RETURN_TYPE = YES_ERROR;
				GCC_WARN_UNDECLARED_SELECTOR = YES;
				GCC_WARN_UNINITIALIZED_AUTOS = YES_AGGRESSIVE;
				GCC_WARN_UNUSED_FUNCTION = YES;
				GCC_WARN_UNUSED_VARIABLE = YES;
				IPHONEOS_DEPLOYMENT_TARGET = 16.4;
				MTL_ENABLE_DEBUG_INFO = INCLUDE_SOURCE;
				MTL_FAST_MATH = YES;
				ONLY_ACTIVE_ARCH = YES;
				SDKROOT = iphoneos;
				SWIFT_ACTIVE_COMPILATION_CONDITIONS = DEBUG;
				SWIFT_OPTIMIZATION_LEVEL = "-Onone";
			};
			name = Debug;
		};
		EB72694A2ABE00340040CA4C /* Release */ = {
			isa = XCBuildConfiguration;
			buildSettings = {
				ALWAYS_SEARCH_USER_PATHS = NO;
				CLANG_ANALYZER_NONNULL = YES;
				CLANG_ANALYZER_NUMBER_OBJECT_CONVERSION = YES_AGGRESSIVE;
				CLANG_CXX_LANGUAGE_STANDARD = "gnu++20";
				CLANG_ENABLE_MODULES = YES;
				CLANG_ENABLE_OBJC_ARC = YES;
				CLANG_ENABLE_OBJC_WEAK = YES;
				CLANG_WARN_BLOCK_CAPTURE_AUTORELEASING = YES;
				CLANG_WARN_BOOL_CONVERSION = YES;
				CLANG_WARN_COMMA = YES;
				CLANG_WARN_CONSTANT_CONVERSION = YES;
				CLANG_WARN_DEPRECATED_OBJC_IMPLEMENTATIONS = YES;
				CLANG_WARN_DIRECT_OBJC_ISA_USAGE = YES_ERROR;
				CLANG_WARN_DOCUMENTATION_COMMENTS = YES;
				CLANG_WARN_EMPTY_BODY = YES;
				CLANG_WARN_ENUM_CONVERSION = YES;
				CLANG_WARN_INFINITE_RECURSION = YES;
				CLANG_WARN_INT_CONVERSION = YES;
				CLANG_WARN_NON_LITERAL_NULL_CONVERSION = YES;
				CLANG_WARN_OBJC_IMPLICIT_RETAIN_SELF = YES;
				CLANG_WARN_OBJC_LITERAL_CONVERSION = YES;
				CLANG_WARN_OBJC_ROOT_CLASS = YES_ERROR;
				CLANG_WARN_QUOTED_INCLUDE_IN_FRAMEWORK_HEADER = YES;
				CLANG_WARN_RANGE_LOOP_ANALYSIS = YES;
				CLANG_WARN_STRICT_PROTOTYPES = YES;
				CLANG_WARN_SUSPICIOUS_MOVE = YES;
				CLANG_WARN_UNGUARDED_AVAILABILITY = YES_AGGRESSIVE;
				CLANG_WARN_UNREACHABLE_CODE = YES;
				CLANG_WARN__DUPLICATE_METHOD_MATCH = YES;
				COPY_PHASE_STRIP = NO;
				DEBUG_INFORMATION_FORMAT = "dwarf-with-dsym";
				ENABLE_NS_ASSERTIONS = NO;
				ENABLE_STRICT_OBJC_MSGSEND = YES;
				GCC_C_LANGUAGE_STANDARD = gnu11;
				GCC_NO_COMMON_BLOCKS = YES;
				GCC_WARN_64_TO_32_BIT_CONVERSION = YES;
				GCC_WARN_ABOUT_RETURN_TYPE = YES_ERROR;
				GCC_WARN_UNDECLARED_SELECTOR = YES;
				GCC_WARN_UNINITIALIZED_AUTOS = YES_AGGRESSIVE;
				GCC_WARN_UNUSED_FUNCTION = YES;
				GCC_WARN_UNUSED_VARIABLE = YES;
				IPHONEOS_DEPLOYMENT_TARGET = 16.4;
				MTL_ENABLE_DEBUG_INFO = NO;
				MTL_FAST_MATH = YES;
				SDKROOT = iphoneos;
				SWIFT_COMPILATION_MODE = wholemodule;
				SWIFT_OPTIMIZATION_LEVEL = "-O";
				VALIDATE_PRODUCT = YES;
			};
			name = Release;
		};
		EB72694C2ABE00340040CA4C /* Debug */ = {
			isa = XCBuildConfiguration;
			buildSettings = {
				ASSETCATALOG_COMPILER_APPICON_NAME = AppIcon;
				ASSETCATALOG_COMPILER_GLOBAL_ACCENT_COLOR_NAME = AccentColor;
				CODE_SIGN_STYLE = Automatic;
				CURRENT_PROJECT_VERSION = 1;
				DEVELOPMENT_ASSET_PATHS = "\"CryptoApp/Preview Content\"";
				DEVELOPMENT_TEAM = XQRVRNWF6L;
				ENABLE_PREVIEWS = YES;
				GENERATE_INFOPLIST_FILE = YES;
				INFOPLIST_KEY_UIApplicationSceneManifest_Generation = YES;
				INFOPLIST_KEY_UIApplicationSupportsIndirectInputEvents = YES;
				INFOPLIST_KEY_UILaunchScreen_Generation = YES;
				INFOPLIST_KEY_UILaunchStoryboardName = LaunchScreen.storyboard;
				INFOPLIST_KEY_UISupportedInterfaceOrientations_iPad = "UIInterfaceOrientationPortrait UIInterfaceOrientationPortraitUpsideDown UIInterfaceOrientationLandscapeLeft UIInterfaceOrientationLandscapeRight";
				INFOPLIST_KEY_UISupportedInterfaceOrientations_iPhone = "UIInterfaceOrientationPortrait UIInterfaceOrientationLandscapeLeft UIInterfaceOrientationLandscapeRight";
				LD_RUNPATH_SEARCH_PATHS = (
					"$(inherited)",
					"@executable_path/Frameworks",
				);
				MARKETING_VERSION = 1.0;
				PRODUCT_BUNDLE_IDENTIFIER = com.alexParreira.CryptoApp;
				PRODUCT_NAME = "$(TARGET_NAME)";
				SWIFT_EMIT_LOC_STRINGS = YES;
				SWIFT_VERSION = 5.0;
				TARGETED_DEVICE_FAMILY = "1,2";
			};
			name = Debug;
		};
		EB72694D2ABE00340040CA4C /* Release */ = {
			isa = XCBuildConfiguration;
			buildSettings = {
				ASSETCATALOG_COMPILER_APPICON_NAME = AppIcon;
				ASSETCATALOG_COMPILER_GLOBAL_ACCENT_COLOR_NAME = AccentColor;
				CODE_SIGN_STYLE = Automatic;
				CURRENT_PROJECT_VERSION = 1;
				DEVELOPMENT_ASSET_PATHS = "\"CryptoApp/Preview Content\"";
				DEVELOPMENT_TEAM = XQRVRNWF6L;
				ENABLE_PREVIEWS = YES;
				GENERATE_INFOPLIST_FILE = YES;
				INFOPLIST_KEY_UIApplicationSceneManifest_Generation = YES;
				INFOPLIST_KEY_UIApplicationSupportsIndirectInputEvents = YES;
				INFOPLIST_KEY_UILaunchScreen_Generation = YES;
				INFOPLIST_KEY_UILaunchStoryboardName = LaunchScreen.storyboard;
				INFOPLIST_KEY_UISupportedInterfaceOrientations_iPad = "UIInterfaceOrientationPortrait UIInterfaceOrientationPortraitUpsideDown UIInterfaceOrientationLandscapeLeft UIInterfaceOrientationLandscapeRight";
				INFOPLIST_KEY_UISupportedInterfaceOrientations_iPhone = "UIInterfaceOrientationPortrait UIInterfaceOrientationLandscapeLeft UIInterfaceOrientationLandscapeRight";
				LD_RUNPATH_SEARCH_PATHS = (
					"$(inherited)",
					"@executable_path/Frameworks",
				);
				MARKETING_VERSION = 1.0;
				PRODUCT_BUNDLE_IDENTIFIER = com.alexParreira.CryptoApp;
				PRODUCT_NAME = "$(TARGET_NAME)";
				SWIFT_EMIT_LOC_STRINGS = YES;
				SWIFT_VERSION = 5.0;
				TARGETED_DEVICE_FAMILY = "1,2";
			};
			name = Release;
		};
/* End XCBuildConfiguration section */

/* Begin XCConfigurationList section */
		EB7269382ABE00330040CA4C /* Build configuration list for PBXProject "CryptoApp" */ = {
			isa = XCConfigurationList;
			buildConfigurations = (
				EB7269492ABE00340040CA4C /* Debug */,
				EB72694A2ABE00340040CA4C /* Release */,
			);
			defaultConfigurationIsVisible = 0;
			defaultConfigurationName = Release;
		};
		EB72694B2ABE00340040CA4C /* Build configuration list for PBXNativeTarget "CryptoApp" */ = {
			isa = XCConfigurationList;
			buildConfigurations = (
				EB72694C2ABE00340040CA4C /* Debug */,
				EB72694D2ABE00340040CA4C /* Release */,
			);
			defaultConfigurationIsVisible = 0;
			defaultConfigurationName = Release;
		};
/* End XCConfigurationList section */

/* Begin XCVersionGroup section */
		11C10F222ACC6D9000B151BC /* PortifolioContaineer.xcdatamodeld */ = {
			isa = XCVersionGroup;
			children = (
				11C10F232ACC6D9000B151BC /* PortifolioContaineer.xcdatamodel */,
			);
			currentVersion = 11C10F232ACC6D9000B151BC /* PortifolioContaineer.xcdatamodel */;
			path = PortifolioContaineer.xcdatamodeld;
			sourceTree = "<group>";
			versionGroupType = wrapper.xcdatamodel;
		};
/* End XCVersionGroup section */
	};
	rootObject = EB7269352ABE00330040CA4C /* Project object */;
}
